
Microsoft Visual Studio Solution File, Format Version 12.00
# Visual Studio 15
VisualStudioVersion = 15.0.27428.1
MinimumVisualStudioVersion = 10.0.40219.1
Project("{FAE04EC0-301F-11D3-BF4B-00C04F79EFBC}") = "SmartHive.ApplicationSvc", "SmartHive.ApplicationSvc\SmartHive.ApplicationSvc.csproj", "{669ABE6E-1501-4CA3-AC97-7207AD2CC85D}"
EndProject
Project("{E53339B2-1760-4266-BCC7-CA923CBCF16C}") = "docker-compose", "docker-compose.dcproj", "{2C886B36-AD73-4428-A06B-C1E99B5B5CCA}"
EndProject
Project("{FAE04EC0-301F-11D3-BF4B-00C04F79EFBC}") = "SmartHive.Models", "SmartHive.Models\SmartHive.Models.csproj", "{38D4BA3B-FFF0-4E6D-9534-90ED4594DDDB}"
EndProject
Global
	GlobalSection(SolutionConfigurationPlatforms) = preSolution
		Debug|Any CPU = Debug|Any CPU
		Release|Any CPU = Release|Any CPU
	EndGlobalSection
	GlobalSection(ProjectConfigurationPlatforms) = postSolution
		{669ABE6E-1501-4CA3-AC97-7207AD2CC85D}.Debug|Any CPU.ActiveCfg = Debug|Any CPU
		{669ABE6E-1501-4CA3-AC97-7207AD2CC85D}.Debug|Any CPU.Build.0 = Debug|Any CPU
		{669ABE6E-1501-4CA3-AC97-7207AD2CC85D}.Release|Any CPU.ActiveCfg = Release|Any CPU
		{669ABE6E-1501-4CA3-AC97-7207AD2CC85D}.Release|Any CPU.Build.0 = Release|Any CPU
		{2C886B36-AD73-4428-A06B-C1E99B5B5CCA}.Debug|Any CPU.ActiveCfg = Debug|Any CPU
		{2C886B36-AD73-4428-A06B-C1E99B5B5CCA}.Debug|Any CPU.Build.0 = Debug|Any CPU
		{2C886B36-AD73-4428-A06B-C1E99B5B5CCA}.Release|Any CPU.ActiveCfg = Release|Any CPU
		{2C886B36-AD73-4428-A06B-C1E99B5B5CCA}.Release|Any CPU.Build.0 = Release|Any CPU
		{38D4BA3B-FFF0-4E6D-9534-90ED4594DDDB}.Debug|Any CPU.ActiveCfg = Debug|Any CPU
		{38D4BA3B-FFF0-4E6D-9534-90ED4594DDDB}.Debug|Any CPU.Build.0 = Debug|Any CPU
		{38D4BA3B-FFF0-4E6D-9534-90ED4594DDDB}.Release|Any CPU.ActiveCfg = Release|Any CPU
		{38D4BA3B-FFF0-4E6D-9534-90ED4594DDDB}.Release|Any CPU.Build.0 = Release|Any CPU
	EndGlobalSection
	GlobalSection(SolutionProperties) = preSolution
		HideSolutionNode = FALSE
	EndGlobalSection
	GlobalSection(ExtensibilityGlobals) = postSolution
		SolutionGuid = {1072F42F-4F71-48D2-85D3-7E47342E6D34}
	EndGlobalSection
EndGlobal
