
Microsoft Visual Studio Solution File, Format Version 12.00
# Visual Studio 14
VisualStudioVersion = 14.0.25420.1
MinimumVisualStudioVersion = 10.0.40219.1
Project("{2150E333-8FDC-42A3-9474-1A3956D46DE8}") = "Solution Items", "Solution Items", "{665EA6FE-ED72-4F2C-80FE-89FDBD48C22B}"
	ProjectSection(SolutionItems) = preProject
		README.md = README.md
	EndProjectSection
EndProject
Project("{2150E333-8FDC-42A3-9474-1A3956D46DE8}") = "Diagnostic Sessions", "Diagnostic Sessions", "{1E62BB4D-53C1-48F9-87B3-09A264BB3871}"
	ProjectSection(SolutionItems) = preProject
		20170117.diagsession = 20170117.diagsession
		20170118.diagsession = 20170118.diagsession
		20170119 (2).diagsession = 20170119 (2).diagsession
		20170119.diagsession = 20170119.diagsession
		20170123.diagsession = 20170123.diagsession
		20170124.diagsession = 20170124.diagsession
		20170125.diagsession = 20170125.diagsession
	EndProjectSection
EndProject
Project("{FAE04EC0-301F-11D3-BF4B-00C04F79EFBC}") = "SmartHive.CloudConnection", "SmartHive.CloudConnection\SmartHive.CloudConnection.csproj", "{C4166C3B-04E7-490D-ADD9-2C83B2DDB787}"
EndProject
Project("{262852C6-CD72-467D-83FE-5EEB1973A190}") = "SmartHive.ScheduleBoard", "SmartHive.ScheduleBoard\SmartHive.ScheduleBoard.jsproj", "{FA859204-6687-4250-9155-F7CE9B47AD43}"
EndProject
Global
	GlobalSection(SolutionConfigurationPlatforms) = preSolution
		Debug|Any CPU = Debug|Any CPU
		Debug|ARM = Debug|ARM
		Debug|Mixed Platforms = Debug|Mixed Platforms
		Debug|Win32 = Debug|Win32
		Debug|x64 = Debug|x64
		Debug|x86 = Debug|x86
		Release_Delay_Sign|Any CPU = Release_Delay_Sign|Any CPU
		Release_Delay_Sign|ARM = Release_Delay_Sign|ARM
		Release_Delay_Sign|Mixed Platforms = Release_Delay_Sign|Mixed Platforms
		Release_Delay_Sign|Win32 = Release_Delay_Sign|Win32
		Release_Delay_Sign|x64 = Release_Delay_Sign|x64
		Release_Delay_Sign|x86 = Release_Delay_Sign|x86
		Release|Any CPU = Release|Any CPU
		Release|ARM = Release|ARM
		Release|Mixed Platforms = Release|Mixed Platforms
		Release|Win32 = Release|Win32
		Release|x64 = Release|x64
		Release|x86 = Release|x86
	EndGlobalSection
	GlobalSection(ProjectConfigurationPlatforms) = postSolution
		{C4166C3B-04E7-490D-ADD9-2C83B2DDB787}.Debug|Any CPU.ActiveCfg = Debug|Any CPU
		{C4166C3B-04E7-490D-ADD9-2C83B2DDB787}.Debug|Any CPU.Build.0 = Debug|Any CPU
		{C4166C3B-04E7-490D-ADD9-2C83B2DDB787}.Debug|ARM.ActiveCfg = Debug|ARM
		{C4166C3B-04E7-490D-ADD9-2C83B2DDB787}.Debug|ARM.Build.0 = Debug|ARM
		{C4166C3B-04E7-490D-ADD9-2C83B2DDB787}.Debug|Mixed Platforms.ActiveCfg = Debug|Any CPU
		{C4166C3B-04E7-490D-ADD9-2C83B2DDB787}.Debug|Mixed Platforms.Build.0 = Debug|Any CPU
		{C4166C3B-04E7-490D-ADD9-2C83B2DDB787}.Debug|Win32.ActiveCfg = Debug|x86
		{C4166C3B-04E7-490D-ADD9-2C83B2DDB787}.Debug|Win32.Build.0 = Debug|x86
		{C4166C3B-04E7-490D-ADD9-2C83B2DDB787}.Debug|x64.ActiveCfg = Debug|x64
		{C4166C3B-04E7-490D-ADD9-2C83B2DDB787}.Debug|x64.Build.0 = Debug|x64
		{C4166C3B-04E7-490D-ADD9-2C83B2DDB787}.Debug|x86.ActiveCfg = Debug|x86
		{C4166C3B-04E7-490D-ADD9-2C83B2DDB787}.Debug|x86.Build.0 = Debug|x86
		{C4166C3B-04E7-490D-ADD9-2C83B2DDB787}.Release_Delay_Sign|Any CPU.ActiveCfg = Release|Any CPU
		{C4166C3B-04E7-490D-ADD9-2C83B2DDB787}.Release_Delay_Sign|Any CPU.Build.0 = Release|Any CPU
		{C4166C3B-04E7-490D-ADD9-2C83B2DDB787}.Release_Delay_Sign|ARM.ActiveCfg = Release|ARM
		{C4166C3B-04E7-490D-ADD9-2C83B2DDB787}.Release_Delay_Sign|ARM.Build.0 = Release|ARM
		{C4166C3B-04E7-490D-ADD9-2C83B2DDB787}.Release_Delay_Sign|Mixed Platforms.ActiveCfg = Release|x86
		{C4166C3B-04E7-490D-ADD9-2C83B2DDB787}.Release_Delay_Sign|Mixed Platforms.Build.0 = Release|x86
		{C4166C3B-04E7-490D-ADD9-2C83B2DDB787}.Release_Delay_Sign|Win32.ActiveCfg = Release|x86
		{C4166C3B-04E7-490D-ADD9-2C83B2DDB787}.Release_Delay_Sign|Win32.Build.0 = Release|x86
		{C4166C3B-04E7-490D-ADD9-2C83B2DDB787}.Release_Delay_Sign|x64.ActiveCfg = Release|x64
		{C4166C3B-04E7-490D-ADD9-2C83B2DDB787}.Release_Delay_Sign|x64.Build.0 = Release|x64
		{C4166C3B-04E7-490D-ADD9-2C83B2DDB787}.Release_Delay_Sign|x86.ActiveCfg = Release|x86
		{C4166C3B-04E7-490D-ADD9-2C83B2DDB787}.Release_Delay_Sign|x86.Build.0 = Release|x86
		{C4166C3B-04E7-490D-ADD9-2C83B2DDB787}.Release|Any CPU.ActiveCfg = Release|Any CPU
		{C4166C3B-04E7-490D-ADD9-2C83B2DDB787}.Release|Any CPU.Build.0 = Release|Any CPU
		{C4166C3B-04E7-490D-ADD9-2C83B2DDB787}.Release|ARM.ActiveCfg = Release|ARM
		{C4166C3B-04E7-490D-ADD9-2C83B2DDB787}.Release|ARM.Build.0 = Release|ARM
		{C4166C3B-04E7-490D-ADD9-2C83B2DDB787}.Release|Mixed Platforms.ActiveCfg = Release|x86
		{C4166C3B-04E7-490D-ADD9-2C83B2DDB787}.Release|Mixed Platforms.Build.0 = Release|x86
		{C4166C3B-04E7-490D-ADD9-2C83B2DDB787}.Release|Win32.ActiveCfg = Release|x86
		{C4166C3B-04E7-490D-ADD9-2C83B2DDB787}.Release|Win32.Build.0 = Release|x86
		{C4166C3B-04E7-490D-ADD9-2C83B2DDB787}.Release|x64.ActiveCfg = Release|x64
		{C4166C3B-04E7-490D-ADD9-2C83B2DDB787}.Release|x64.Build.0 = Release|x64
		{C4166C3B-04E7-490D-ADD9-2C83B2DDB787}.Release|x86.ActiveCfg = Release|x86
		{C4166C3B-04E7-490D-ADD9-2C83B2DDB787}.Release|x86.Build.0 = Release|x86
		{FA859204-6687-4250-9155-F7CE9B47AD43}.Debug|Any CPU.ActiveCfg = Debug|Any CPU
		{FA859204-6687-4250-9155-F7CE9B47AD43}.Debug|Any CPU.Build.0 = Debug|Any CPU
		{FA859204-6687-4250-9155-F7CE9B47AD43}.Debug|Any CPU.Deploy.0 = Debug|Any CPU
		{FA859204-6687-4250-9155-F7CE9B47AD43}.Debug|ARM.ActiveCfg = Debug|ARM
		{FA859204-6687-4250-9155-F7CE9B47AD43}.Debug|ARM.Build.0 = Debug|ARM
		{FA859204-6687-4250-9155-F7CE9B47AD43}.Debug|ARM.Deploy.0 = Debug|ARM
		{FA859204-6687-4250-9155-F7CE9B47AD43}.Debug|Mixed Platforms.ActiveCfg = Debug|Any CPU
		{FA859204-6687-4250-9155-F7CE9B47AD43}.Debug|Mixed Platforms.Build.0 = Debug|Any CPU
		{FA859204-6687-4250-9155-F7CE9B47AD43}.Debug|Mixed Platforms.Deploy.0 = Debug|Any CPU
		{FA859204-6687-4250-9155-F7CE9B47AD43}.Debug|Win32.ActiveCfg = Debug|x86
		{FA859204-6687-4250-9155-F7CE9B47AD43}.Debug|Win32.Build.0 = Debug|x86
		{FA859204-6687-4250-9155-F7CE9B47AD43}.Debug|Win32.Deploy.0 = Debug|x86
		{FA859204-6687-4250-9155-F7CE9B47AD43}.Debug|x64.ActiveCfg = Debug|x64
		{FA859204-6687-4250-9155-F7CE9B47AD43}.Debug|x64.Build.0 = Debug|x64
		{FA859204-6687-4250-9155-F7CE9B47AD43}.Debug|x64.Deploy.0 = Debug|x64
		{FA859204-6687-4250-9155-F7CE9B47AD43}.Debug|x86.ActiveCfg = Debug|x86
		{FA859204-6687-4250-9155-F7CE9B47AD43}.Debug|x86.Build.0 = Debug|x86
		{FA859204-6687-4250-9155-F7CE9B47AD43}.Debug|x86.Deploy.0 = Debug|x86
		{FA859204-6687-4250-9155-F7CE9B47AD43}.Release_Delay_Sign|Any CPU.ActiveCfg = Release|Any CPU
		{FA859204-6687-4250-9155-F7CE9B47AD43}.Release_Delay_Sign|Any CPU.Build.0 = Release|Any CPU
		{FA859204-6687-4250-9155-F7CE9B47AD43}.Release_Delay_Sign|Any CPU.Deploy.0 = Release|Any CPU
		{FA859204-6687-4250-9155-F7CE9B47AD43}.Release_Delay_Sign|ARM.ActiveCfg = Release|ARM
		{FA859204-6687-4250-9155-F7CE9B47AD43}.Release_Delay_Sign|ARM.Build.0 = Release|ARM
		{FA859204-6687-4250-9155-F7CE9B47AD43}.Release_Delay_Sign|ARM.Deploy.0 = Release|ARM
		{FA859204-6687-4250-9155-F7CE9B47AD43}.Release_Delay_Sign|Mixed Platforms.ActiveCfg = Release|x86
		{FA859204-6687-4250-9155-F7CE9B47AD43}.Release_Delay_Sign|Mixed Platforms.Build.0 = Release|x86
		{FA859204-6687-4250-9155-F7CE9B47AD43}.Release_Delay_Sign|Mixed Platforms.Deploy.0 = Release|x86
		{FA859204-6687-4250-9155-F7CE9B47AD43}.Release_Delay_Sign|Win32.ActiveCfg = Release|x86
		{FA859204-6687-4250-9155-F7CE9B47AD43}.Release_Delay_Sign|Win32.Build.0 = Release|x86
		{FA859204-6687-4250-9155-F7CE9B47AD43}.Release_Delay_Sign|Win32.Deploy.0 = Release|x86
		{FA859204-6687-4250-9155-F7CE9B47AD43}.Release_Delay_Sign|x64.ActiveCfg = Release|x64
		{FA859204-6687-4250-9155-F7CE9B47AD43}.Release_Delay_Sign|x64.Build.0 = Release|x64
		{FA859204-6687-4250-9155-F7CE9B47AD43}.Release_Delay_Sign|x64.Deploy.0 = Release|x64
		{FA859204-6687-4250-9155-F7CE9B47AD43}.Release_Delay_Sign|x86.ActiveCfg = Release|x86
		{FA859204-6687-4250-9155-F7CE9B47AD43}.Release_Delay_Sign|x86.Build.0 = Release|x86
		{FA859204-6687-4250-9155-F7CE9B47AD43}.Release_Delay_Sign|x86.Deploy.0 = Release|x86
		{FA859204-6687-4250-9155-F7CE9B47AD43}.Release|Any CPU.ActiveCfg = Release|Any CPU
		{FA859204-6687-4250-9155-F7CE9B47AD43}.Release|Any CPU.Build.0 = Release|Any CPU
		{FA859204-6687-4250-9155-F7CE9B47AD43}.Release|Any CPU.Deploy.0 = Release|Any CPU
		{FA859204-6687-4250-9155-F7CE9B47AD43}.Release|ARM.ActiveCfg = Release|ARM
		{FA859204-6687-4250-9155-F7CE9B47AD43}.Release|ARM.Build.0 = Release|ARM
		{FA859204-6687-4250-9155-F7CE9B47AD43}.Release|ARM.Deploy.0 = Release|ARM
		{FA859204-6687-4250-9155-F7CE9B47AD43}.Release|Mixed Platforms.ActiveCfg = Release|x86
		{FA859204-6687-4250-9155-F7CE9B47AD43}.Release|Mixed Platforms.Build.0 = Release|x86
		{FA859204-6687-4250-9155-F7CE9B47AD43}.Release|Mixed Platforms.Deploy.0 = Release|x86
		{FA859204-6687-4250-9155-F7CE9B47AD43}.Release|Win32.ActiveCfg = Release|x86
		{FA859204-6687-4250-9155-F7CE9B47AD43}.Release|Win32.Build.0 = Release|x86
		{FA859204-6687-4250-9155-F7CE9B47AD43}.Release|Win32.Deploy.0 = Release|x86
		{FA859204-6687-4250-9155-F7CE9B47AD43}.Release|x64.ActiveCfg = Release|x64
		{FA859204-6687-4250-9155-F7CE9B47AD43}.Release|x64.Build.0 = Release|x64
		{FA859204-6687-4250-9155-F7CE9B47AD43}.Release|x64.Deploy.0 = Release|x64
		{FA859204-6687-4250-9155-F7CE9B47AD43}.Release|x86.ActiveCfg = Release|x86
		{FA859204-6687-4250-9155-F7CE9B47AD43}.Release|x86.Build.0 = Release|x86
		{FA859204-6687-4250-9155-F7CE9B47AD43}.Release|x86.Deploy.0 = Release|x86
	EndGlobalSection
	GlobalSection(SolutionProperties) = preSolution
		HideSolutionNode = FALSE
	EndGlobalSection
EndGlobal
