
Microsoft Visual Studio Solution File, Format Version 12.00
# Visual Studio 15
VisualStudioVersion = 15.0.27428.1
MinimumVisualStudioVersion = 10.0.40219.1
Project("{00D1A9C2-B5F0-4AF3-8072-F6C62B433612}") = "SmartHive.Db", "SmartHive.Db.sqlproj", "{DBEB01A2-F1FB-4C52-9949-DC1B6BF1A96D}"
EndProject
Project("{9A19103F-16F7-4668-BE54-9A1E7A4F7556}") = "SmartHive.ApplicationSvc", "..\..\SmartHive.ApplicationSvc\SmartHive.ApplicationSvc.csproj", "{019C0C11-FD07-4892-A831-08CBD13CCEE9}"
EndProject
Global
	GlobalSection(SolutionConfigurationPlatforms) = preSolution
		Debug|Any CPU = Debug|Any CPU
		Release|Any CPU = Release|Any CPU
	EndGlobalSection
	GlobalSection(ProjectConfigurationPlatforms) = postSolution
		{DBEB01A2-F1FB-4C52-9949-DC1B6BF1A96D}.Debug|Any CPU.ActiveCfg = Debug|Any CPU
		{DBEB01A2-F1FB-4C52-9949-DC1B6BF1A96D}.Debug|Any CPU.Build.0 = Debug|Any CPU
		{DBEB01A2-F1FB-4C52-9949-DC1B6BF1A96D}.Debug|Any CPU.Deploy.0 = Debug|Any CPU
		{DBEB01A2-F1FB-4C52-9949-DC1B6BF1A96D}.Release|Any CPU.ActiveCfg = Release|Any CPU
		{DBEB01A2-F1FB-4C52-9949-DC1B6BF1A96D}.Release|Any CPU.Build.0 = Release|Any CPU
		{DBEB01A2-F1FB-4C52-9949-DC1B6BF1A96D}.Release|Any CPU.Deploy.0 = Release|Any CPU
		{019C0C11-FD07-4892-A831-08CBD13CCEE9}.Debug|Any CPU.ActiveCfg = Debug|Any CPU
		{019C0C11-FD07-4892-A831-08CBD13CCEE9}.Debug|Any CPU.Build.0 = Debug|Any CPU
		{019C0C11-FD07-4892-A831-08CBD13CCEE9}.Release|Any CPU.ActiveCfg = Release|Any CPU
		{019C0C11-FD07-4892-A831-08CBD13CCEE9}.Release|Any CPU.Build.0 = Release|Any CPU
	EndGlobalSection
	GlobalSection(SolutionProperties) = preSolution
		HideSolutionNode = FALSE
	EndGlobalSection
	GlobalSection(ExtensibilityGlobals) = postSolution
		SolutionGuid = {EDD92702-B0AD-4872-8E94-45ED364EAB49}
	EndGlobalSection
EndGlobal
